
Microsoft Visual Studio Solution File, Format Version 12.00
# Visual Studio 15
VisualStudioVersion = 15.0.28010.0
MinimumVisualStudioVersion = 10.0.40219.1
Project("{FAE04EC0-301F-11D3-BF4B-00C04F79EFBC}") = "Chess", "Chess\Chess.csproj", "{41C6F4B4-0CC6-44DA-892B-C3BC4CE5A06A}"
EndProject
Project("{FAE04EC0-301F-11D3-BF4B-00C04F79EFBC}") = "ChessDemo", "ChessDemo\ChessDemo.csproj", "{025848E2-8017-4CA4-990A-D374EC8C1219}"
EndProject
Global
	GlobalSection(SolutionConfigurationPlatforms) = preSolution
		Debug|Any CPU = Debug|Any CPU
		Release|Any CPU = Release|Any CPU
	EndGlobalSection
	GlobalSection(ProjectConfigurationPlatforms) = postSolution
		{41C6F4B4-0CC6-44DA-892B-C3BC4CE5A06A}.Debug|Any CPU.ActiveCfg = Debug|Any CPU
		{41C6F4B4-0CC6-44DA-892B-C3BC4CE5A06A}.Debug|Any CPU.Build.0 = Debug|Any CPU
		{41C6F4B4-0CC6-44DA-892B-C3BC4CE5A06A}.Release|Any CPU.ActiveCfg = Release|Any CPU
		{41C6F4B4-0CC6-44DA-892B-C3BC4CE5A06A}.Release|Any CPU.Build.0 = Release|Any CPU
		{025848E2-8017-4CA4-990A-D374EC8C1219}.Debug|Any CPU.ActiveCfg = Debug|Any CPU
		{025848E2-8017-4CA4-990A-D374EC8C1219}.Debug|Any CPU.Build.0 = Debug|Any CPU
		{025848E2-8017-4CA4-990A-D374EC8C1219}.Release|Any CPU.ActiveCfg = Release|Any CPU
		{025848E2-8017-4CA4-990A-D374EC8C1219}.Release|Any CPU.Build.0 = Release|Any CPU
	EndGlobalSection
	GlobalSection(SolutionProperties) = preSolution
		HideSolutionNode = FALSE
	EndGlobalSection
	GlobalSection(ExtensibilityGlobals) = postSolution
		SolutionGuid = {2DB3DA8B-D21F-416A-904F-A7F556338163}
	EndGlobalSection
EndGlobal
